
Microsoft Visual Studio Solution File, Format Version 12.00
# Visual Studio Version 17
VisualStudioVersion = 17.11.35208.52
MinimumVisualStudioVersion = 10.0.40219.1
Project("{FAE04EC0-301F-11D3-BF4B-00C04F79EFBC}") = "Mincovka", "Mincovka.csproj", "{CC60435C-0A2C-4DEF-BC52-780C68C35791}"
EndProject
Global
	GlobalSection(SolutionConfigurationPlatforms) = preSolution
		Debug|Any CPU = Debug|Any CPU
		Release|Any CPU = Release|Any CPU
	EndGlobalSection
	GlobalSection(ProjectConfigurationPlatforms) = postSolution
		{CC60435C-0A2C-4DEF-BC52-780C68C35791}.Debug|Any CPU.ActiveCfg = Debug|Any CPU
		{CC60435C-0A2C-4DEF-BC52-780C68C35791}.Debug|Any CPU.Build.0 = Debug|Any CPU
		{CC60435C-0A2C-4DEF-BC52-780C68C35791}.Release|Any CPU.ActiveCfg = Release|Any CPU
		{CC60435C-0A2C-4DEF-BC52-780C68C35791}.Release|Any CPU.Build.0 = Release|Any CPU
	EndGlobalSection
	GlobalSection(SolutionProperties) = preSolution
		HideSolutionNode = FALSE
	EndGlobalSection
	GlobalSection(ExtensibilityGlobals) = postSolution
		SolutionGuid = {7269198B-CF75-4FE0-AC82-8B7657AC22FC}
	EndGlobalSection
EndGlobal
